<Solution>
  <Folder Name="/Task0/">
    <Project Path="Tyuiu.KorovinMK.Sprint0.Task0.V0/Tyuiu.KorovinMK.Sprint0.Task0.V0.csproj" />
  </Folder>
  <Folder Name="/Task1/">
    <Project Path="Tyuiu.KorovinMK.Sprint0.Task1.V0/Tyuiu.KorovinMK.Sprint0.Task1.V0.csproj" />
  </Folder>
  <Folder Name="/Task2/">
    <Project Path="Tyuiu.KorovinMK.Sprint0.Task2.V0.Lib/Tyuiu.KorovinMK.Sprint0.Task2.V0.Lib.csproj" />
    <Project Path="Tyuiu.KorovinMK.Sprint0.Task2.V0.Test/Tyuiu.KorovinMK.Sprint0.Task2.V0.Test.csproj" />
    <Project Path="Tyuiu.KorovinMK.Sprint0.Task2.V0/Tyuiu.KorovinMK.Sprint0.Task2.V0.csproj" />
  </Folder>
  <Folder Name="/Task3/">
    <Project Path="Tyuiu.KorovinMK.Sprint0.Task3.V0.Lib/Tyuiu.KorovinMK.Sprint0.Task3.V0.Lib.csproj" Id="912863e6-ce29-481a-82bf-ce607c4c1229" />
    <Project Path="Tyuiu.KorovinMK.Sprint0.Task3.V0.Test/Tyuiu.KorovinMK.Sprint0.Task3.V0.Test.csproj" Id="88c9c79a-1786-45b5-81af-58384d6af8aa" />
    <Project Path="Tyuiu.KorovinMK.Sprint0.Task3.V0/Tyuiu.KorovinMK.Sprint0.Task3.V0.csproj" Id="53297c23-6a25-4540-9dfb-567d878f5741" />
  </Folder>
</Solution>
